// !$*UTF8*$!
{
	archiveVersion = 1;
	classes = {
	};
	objectVersion = 48;
	objects = {

/* Begin PBXBuildFile section */
		0F43113F1CE051AD3DC39E70 /* Pods_treebear.framework in Frameworks */ = {isa = PBXBuildFile; fileRef = 492860BCBD8D51DA16140DFC /* Pods_treebear.framework */; };
		8867498BF2D3BD3F21154B66 /* Pods_treebearTests.framework in Frameworks */ = {isa = PBXBuildFile; fileRef = 4C2E81FD623FBDB159649A78 /* Pods_treebearTests.framework */; };
		B404495220188987006D3303 /* SearchDropdown.swift in Sources */ = {isa = PBXBuildFile; fileRef = B404495120188987006D3303 /* SearchDropdown.swift */; };
		B4044954201997B8006D3303 /* entryViewController.swift in Sources */ = {isa = PBXBuildFile; fileRef = B4044953201997B8006D3303 /* entryViewController.swift */; };
		B4044956201999CE006D3303 /* MenuTableViewController.swift in Sources */ = {isa = PBXBuildFile; fileRef = B4044955201999CE006D3303 /* MenuTableViewController.swift */; };
		B404495820199F52006D3303 /* MenuViewController.swift in Sources */ = {isa = PBXBuildFile; fileRef = B404495720199F52006D3303 /* MenuViewController.swift */; };
		B4B7B5242011F1E40034BCF3 /* POIViewController.swift in Sources */ = {isa = PBXBuildFile; fileRef = B4B7B5232011F1E40034BCF3 /* POIViewController.swift */; };
		B4B7B52620184EDE0034BCF3 /* GoogleService-Info.plist in Resources */ = {isa = PBXBuildFile; fileRef = B4B7B52520184EDD0034BCF3 /* GoogleService-Info.plist */; };
		B4B7B52720184EDE0034BCF3 /* GoogleService-Info.plist in Resources */ = {isa = PBXBuildFile; fileRef = B4B7B52520184EDD0034BCF3 /* GoogleService-Info.plist */; };
		B4B7B52820184EDE0034BCF3 /* GoogleService-Info.plist in Resources */ = {isa = PBXBuildFile; fileRef = B4B7B52520184EDD0034BCF3 /* GoogleService-Info.plist */; };
		B4B7B531201854080034BCF3 /* SignInViewController.swift in Sources */ = {isa = PBXBuildFile; fileRef = B4B7B530201854080034BCF3 /* SignInViewController.swift */; };
		B4B7B532201854080034BCF3 /* SignInViewController.swift in Sources */ = {isa = PBXBuildFile; fileRef = B4B7B530201854080034BCF3 /* SignInViewController.swift */; };
		B4B7B533201854080034BCF3 /* SignInViewController.swift in Sources */ = {isa = PBXBuildFile; fileRef = B4B7B530201854080034BCF3 /* SignInViewController.swift */; };
		CA1920241FCD4A7C00A7B057 /* ARViewController.swift in Sources */ = {isa = PBXBuildFile; fileRef = CA1920231FCD4A7C00A7B057 /* ARViewController.swift */; };
		CA3E62F61FB1B0D000ADC7D3 /* AppDelegate.swift in Sources */ = {isa = PBXBuildFile; fileRef = CA3E62F51FB1B0D000ADC7D3 /* AppDelegate.swift */; };
		CA3E62F81FB1B0D000ADC7D3 /* ViewController.swift in Sources */ = {isa = PBXBuildFile; fileRef = CA3E62F71FB1B0D000ADC7D3 /* ViewController.swift */; };
		CA3E62FB1FB1B0D000ADC7D3 /* Main.storyboard in Resources */ = {isa = PBXBuildFile; fileRef = CA3E62F91FB1B0D000ADC7D3 /* Main.storyboard */; };
		CA3E62FD1FB1B0D000ADC7D3 /* Assets.xcassets in Resources */ = {isa = PBXBuildFile; fileRef = CA3E62FC1FB1B0D000ADC7D3 /* Assets.xcassets */; };
		CA3E63001FB1B0D000ADC7D3 /* LaunchScreen.storyboard in Resources */ = {isa = PBXBuildFile; fileRef = CA3E62FE1FB1B0D000ADC7D3 /* LaunchScreen.storyboard */; };
		CA3E630B1FB1B0D000ADC7D3 /* treebearTests.swift in Sources */ = {isa = PBXBuildFile; fileRef = CA3E630A1FB1B0D000ADC7D3 /* treebearTests.swift */; };
		CA3E63161FB1B0D000ADC7D3 /* treebearUITests.swift in Sources */ = {isa = PBXBuildFile; fileRef = CA3E63151FB1B0D000ADC7D3 /* treebearUITests.swift */; };
		DDFB2068758A8E50B54E8B28 /* Pods_treebearUITests.framework in Frameworks */ = {isa = PBXBuildFile; fileRef = 6B620D5E493432504DFD47D1 /* Pods_treebearUITests.framework */; };
/* End PBXBuildFile section */

/* Begin PBXContainerItemProxy section */
		CA3E63071FB1B0D000ADC7D3 /* PBXContainerItemProxy */ = {
			isa = PBXContainerItemProxy;
			containerPortal = CA3E62EA1FB1B0CF00ADC7D3 /* Project object */;
			proxyType = 1;
			remoteGlobalIDString = CA3E62F11FB1B0CF00ADC7D3;
			remoteInfo = treebear;
		};
		CA3E63121FB1B0D000ADC7D3 /* PBXContainerItemProxy */ = {
			isa = PBXContainerItemProxy;
			containerPortal = CA3E62EA1FB1B0CF00ADC7D3 /* Project object */;
			proxyType = 1;
			remoteGlobalIDString = CA3E62F11FB1B0CF00ADC7D3;
			remoteInfo = treebear;
		};
/* End PBXContainerItemProxy section */

/* Begin PBXFileReference section */
		2680EA3009E50D9B27CC87CE /* Pods-treebearUITests.release.xcconfig */ = {isa = PBXFileReference; includeInIndex = 1; lastKnownFileType = text.xcconfig; name = "Pods-treebearUITests.release.xcconfig"; path = "Pods/Target Support Files/Pods-treebearUITests/Pods-treebearUITests.release.xcconfig"; sourceTree = "<group>"; };
		2E7CAB62E4D94CE1A025986A /* Pods-treebearTests.release.xcconfig */ = {isa = PBXFileReference; includeInIndex = 1; lastKnownFileType = text.xcconfig; name = "Pods-treebearTests.release.xcconfig"; path = "Pods/Target Support Files/Pods-treebearTests/Pods-treebearTests.release.xcconfig"; sourceTree = "<group>"; };
		3C186F0D1B8A82F8EC727EB3 /* Pods-treebearTests.debug.xcconfig */ = {isa = PBXFileReference; includeInIndex = 1; lastKnownFileType = text.xcconfig; name = "Pods-treebearTests.debug.xcconfig"; path = "Pods/Target Support Files/Pods-treebearTests/Pods-treebearTests.debug.xcconfig"; sourceTree = "<group>"; };
		492860BCBD8D51DA16140DFC /* Pods_treebear.framework */ = {isa = PBXFileReference; explicitFileType = wrapper.framework; includeInIndex = 0; path = Pods_treebear.framework; sourceTree = BUILT_PRODUCTS_DIR; };
		4C2E81FD623FBDB159649A78 /* Pods_treebearTests.framework */ = {isa = PBXFileReference; explicitFileType = wrapper.framework; includeInIndex = 0; path = Pods_treebearTests.framework; sourceTree = BUILT_PRODUCTS_DIR; };
		507E75EE2FEC78FF25AAAC11 /* Pods-treebear.debug.xcconfig */ = {isa = PBXFileReference; includeInIndex = 1; lastKnownFileType = text.xcconfig; name = "Pods-treebear.debug.xcconfig"; path = "Pods/Target Support Files/Pods-treebear/Pods-treebear.debug.xcconfig"; sourceTree = "<group>"; };
		5622EC879517E1A15E9FE94D /* Pods-treebearUITests.debug.xcconfig */ = {isa = PBXFileReference; includeInIndex = 1; lastKnownFileType = text.xcconfig; name = "Pods-treebearUITests.debug.xcconfig"; path = "Pods/Target Support Files/Pods-treebearUITests/Pods-treebearUITests.debug.xcconfig"; sourceTree = "<group>"; };
		6B620D5E493432504DFD47D1 /* Pods_treebearUITests.framework */ = {isa = PBXFileReference; explicitFileType = wrapper.framework; includeInIndex = 0; path = Pods_treebearUITests.framework; sourceTree = BUILT_PRODUCTS_DIR; };
		954E912D730D26566E9E865A /* Pods-treebear.release.xcconfig */ = {isa = PBXFileReference; includeInIndex = 1; lastKnownFileType = text.xcconfig; name = "Pods-treebear.release.xcconfig"; path = "Pods/Target Support Files/Pods-treebear/Pods-treebear.release.xcconfig"; sourceTree = "<group>"; };
		B404495120188987006D3303 /* SearchDropdown.swift */ = {isa = PBXFileReference; lastKnownFileType = sourcecode.swift; path = SearchDropdown.swift; sourceTree = "<group>"; };
		B4044953201997B8006D3303 /* entryViewController.swift */ = {isa = PBXFileReference; lastKnownFileType = sourcecode.swift; path = entryViewController.swift; sourceTree = "<group>"; };
		B4044955201999CE006D3303 /* MenuTableViewController.swift */ = {isa = PBXFileReference; lastKnownFileType = sourcecode.swift; path = MenuTableViewController.swift; sourceTree = "<group>"; };
		B404495720199F52006D3303 /* MenuViewController.swift */ = {isa = PBXFileReference; lastKnownFileType = sourcecode.swift; path = MenuViewController.swift; sourceTree = "<group>"; };
		B4B7B5232011F1E40034BCF3 /* POIViewController.swift */ = {isa = PBXFileReference; lastKnownFileType = sourcecode.swift; path = POIViewController.swift; sourceTree = "<group>"; };
		B4B7B52520184EDD0034BCF3 /* GoogleService-Info.plist */ = {isa = PBXFileReference; fileEncoding = 4; lastKnownFileType = text.plist.xml; path = "GoogleService-Info.plist"; sourceTree = "<group>"; };
		B4B7B530201854080034BCF3 /* SignInViewController.swift */ = {isa = PBXFileReference; lastKnownFileType = sourcecode.swift; path = SignInViewController.swift; sourceTree = "<group>"; };
		B4B7B53C201860E80034BCF3 /* treebear-Bridging-Header.h */ = {isa = PBXFileReference; lastKnownFileType = sourcecode.c.h; path = "treebear-Bridging-Header.h"; sourceTree = "<group>"; };
		CA1920231FCD4A7C00A7B057 /* ARViewController.swift */ = {isa = PBXFileReference; lastKnownFileType = sourcecode.swift; path = ARViewController.swift; sourceTree = "<group>"; };
		CA3E62F21FB1B0CF00ADC7D3 /* treebear.app */ = {isa = PBXFileReference; explicitFileType = wrapper.application; includeInIndex = 0; path = treebear.app; sourceTree = BUILT_PRODUCTS_DIR; };
		CA3E62F51FB1B0D000ADC7D3 /* AppDelegate.swift */ = {isa = PBXFileReference; lastKnownFileType = sourcecode.swift; path = AppDelegate.swift; sourceTree = "<group>"; };
		CA3E62F71FB1B0D000ADC7D3 /* ViewController.swift */ = {isa = PBXFileReference; lastKnownFileType = sourcecode.swift; path = ViewController.swift; sourceTree = "<group>"; };
		CA3E62FA1FB1B0D000ADC7D3 /* Base */ = {isa = PBXFileReference; lastKnownFileType = file.storyboard; name = Base; path = Base.lproj/Main.storyboard; sourceTree = "<group>"; };
		CA3E62FC1FB1B0D000ADC7D3 /* Assets.xcassets */ = {isa = PBXFileReference; lastKnownFileType = folder.assetcatalog; path = Assets.xcassets; sourceTree = "<group>"; };
		CA3E62FF1FB1B0D000ADC7D3 /* Base */ = {isa = PBXFileReference; lastKnownFileType = file.storyboard; name = Base; path = Base.lproj/LaunchScreen.storyboard; sourceTree = "<group>"; };
		CA3E63011FB1B0D000ADC7D3 /* Info.plist */ = {isa = PBXFileReference; lastKnownFileType = text.plist.xml; path = Info.plist; sourceTree = "<group>"; };
		CA3E63061FB1B0D000ADC7D3 /* treebearTests.xctest */ = {isa = PBXFileReference; explicitFileType = wrapper.cfbundle; includeInIndex = 0; path = treebearTests.xctest; sourceTree = BUILT_PRODUCTS_DIR; };
		CA3E630A1FB1B0D000ADC7D3 /* treebearTests.swift */ = {isa = PBXFileReference; lastKnownFileType = sourcecode.swift; path = treebearTests.swift; sourceTree = "<group>"; };
		CA3E630C1FB1B0D000ADC7D3 /* Info.plist */ = {isa = PBXFileReference; lastKnownFileType = text.plist.xml; path = Info.plist; sourceTree = "<group>"; };
		CA3E63111FB1B0D000ADC7D3 /* treebearUITests.xctest */ = {isa = PBXFileReference; explicitFileType = wrapper.cfbundle; includeInIndex = 0; path = treebearUITests.xctest; sourceTree = BUILT_PRODUCTS_DIR; };
		CA3E63151FB1B0D000ADC7D3 /* treebearUITests.swift */ = {isa = PBXFileReference; lastKnownFileType = sourcecode.swift; path = treebearUITests.swift; sourceTree = "<group>"; };
		CA3E63171FB1B0D000ADC7D3 /* Info.plist */ = {isa = PBXFileReference; lastKnownFileType = text.plist.xml; path = Info.plist; sourceTree = "<group>"; };
/* End PBXFileReference section */

/* Begin PBXFrameworksBuildPhase section */
		CA3E62EF1FB1B0CF00ADC7D3 /* Frameworks */ = {
			isa = PBXFrameworksBuildPhase;
			buildActionMask = 2147483647;
			files = (
				0F43113F1CE051AD3DC39E70 /* Pods_treebear.framework in Frameworks */,
			);
			runOnlyForDeploymentPostprocessing = 0;
		};
		CA3E63031FB1B0D000ADC7D3 /* Frameworks */ = {
			isa = PBXFrameworksBuildPhase;
			buildActionMask = 2147483647;
			files = (
				8867498BF2D3BD3F21154B66 /* Pods_treebearTests.framework in Frameworks */,
			);
			runOnlyForDeploymentPostprocessing = 0;
		};
		CA3E630E1FB1B0D000ADC7D3 /* Frameworks */ = {
			isa = PBXFrameworksBuildPhase;
			buildActionMask = 2147483647;
			files = (
				DDFB2068758A8E50B54E8B28 /* Pods_treebearUITests.framework in Frameworks */,
			);
			runOnlyForDeploymentPostprocessing = 0;
		};
/* End PBXFrameworksBuildPhase section */

/* Begin PBXGroup section */
		CA3E62E91FB1B0CF00ADC7D3 = {
			isa = PBXGroup;
			children = (
				B4B7B52520184EDD0034BCF3 /* GoogleService-Info.plist */,
				CA3E62F41FB1B0D000ADC7D3 /* treebear */,
				CA3E63091FB1B0D000ADC7D3 /* treebearTests */,
				CA3E63141FB1B0D000ADC7D3 /* treebearUITests */,
				CA3E62F31FB1B0CF00ADC7D3 /* Products */,
				B4B7B53C201860E80034BCF3 /* treebear-Bridging-Header.h */,
				FB492CEE8DE32A97F499E167 /* Pods */,
				FBADEF1C2CE31B4236845A5E /* Frameworks */,
			);
			sourceTree = "<group>";
		};
		CA3E62F31FB1B0CF00ADC7D3 /* Products */ = {
			isa = PBXGroup;
			children = (
				CA3E62F21FB1B0CF00ADC7D3 /* treebear.app */,
				CA3E63061FB1B0D000ADC7D3 /* treebearTests.xctest */,
				CA3E63111FB1B0D000ADC7D3 /* treebearUITests.xctest */,
			);
			name = Products;
			sourceTree = "<group>";
		};
		CA3E62F41FB1B0D000ADC7D3 /* treebear */ = {
			isa = PBXGroup;
			children = (
				CA3E62F51FB1B0D000ADC7D3 /* AppDelegate.swift */,
				CA3E62F71FB1B0D000ADC7D3 /* ViewController.swift */,
				CA3E62F91FB1B0D000ADC7D3 /* Main.storyboard */,
				B404495720199F52006D3303 /* MenuViewController.swift */,
				B4044955201999CE006D3303 /* MenuTableViewController.swift */,
				B4044953201997B8006D3303 /* entryViewController.swift */,
				B4B7B530201854080034BCF3 /* SignInViewController.swift */,
				CA3E62FC1FB1B0D000ADC7D3 /* Assets.xcassets */,
				CA3E62FE1FB1B0D000ADC7D3 /* LaunchScreen.storyboard */,
				CA3E63011FB1B0D000ADC7D3 /* Info.plist */,
				CA1920231FCD4A7C00A7B057 /* ARViewController.swift */,
				B4B7B5232011F1E40034BCF3 /* POIViewController.swift */,
				B404495120188987006D3303 /* SearchDropdown.swift */,
			);
			path = treebear;
			sourceTree = "<group>";
		};
		CA3E63091FB1B0D000ADC7D3 /* treebearTests */ = {
			isa = PBXGroup;
			children = (
				CA3E630A1FB1B0D000ADC7D3 /* treebearTests.swift */,
				CA3E630C1FB1B0D000ADC7D3 /* Info.plist */,
			);
			path = treebearTests;
			sourceTree = "<group>";
		};
		CA3E63141FB1B0D000ADC7D3 /* treebearUITests */ = {
			isa = PBXGroup;
			children = (
				CA3E63151FB1B0D000ADC7D3 /* treebearUITests.swift */,
				CA3E63171FB1B0D000ADC7D3 /* Info.plist */,
			);
			path = treebearUITests;
			sourceTree = "<group>";
		};
		FB492CEE8DE32A97F499E167 /* Pods */ = {
			isa = PBXGroup;
			children = (
				507E75EE2FEC78FF25AAAC11 /* Pods-treebear.debug.xcconfig */,
				954E912D730D26566E9E865A /* Pods-treebear.release.xcconfig */,
				3C186F0D1B8A82F8EC727EB3 /* Pods-treebearTests.debug.xcconfig */,
				2E7CAB62E4D94CE1A025986A /* Pods-treebearTests.release.xcconfig */,
				5622EC879517E1A15E9FE94D /* Pods-treebearUITests.debug.xcconfig */,
				2680EA3009E50D9B27CC87CE /* Pods-treebearUITests.release.xcconfig */,
			);
			name = Pods;
			sourceTree = "<group>";
		};
		FBADEF1C2CE31B4236845A5E /* Frameworks */ = {
			isa = PBXGroup;
			children = (
				492860BCBD8D51DA16140DFC /* Pods_treebear.framework */,
				4C2E81FD623FBDB159649A78 /* Pods_treebearTests.framework */,
				6B620D5E493432504DFD47D1 /* Pods_treebearUITests.framework */,
			);
			name = Frameworks;
			sourceTree = "<group>";
		};
/* End PBXGroup section */

/* Begin PBXNativeTarget section */
		CA3E62F11FB1B0CF00ADC7D3 /* treebear */ = {
			isa = PBXNativeTarget;
			buildConfigurationList = CA3E631A1FB1B0D000ADC7D3 /* Build configuration list for PBXNativeTarget "treebear" */;
			buildPhases = (
				2316F6F00E6CD6E0EA76B8C3 /* [CP] Check Pods Manifest.lock */,
				CA3E62EE1FB1B0CF00ADC7D3 /* Sources */,
				CA3E62EF1FB1B0CF00ADC7D3 /* Frameworks */,
				CA3E62F01FB1B0CF00ADC7D3 /* Resources */,
				119F50B81849E14C38DBEA41 /* [CP] Embed Pods Frameworks */,
				70813927FD3D37277B9D84F1 /* [CP] Copy Pods Resources */,
			);
			buildRules = (
			);
			dependencies = (
			);
			name = treebear;
			productName = treebear;
			productReference = CA3E62F21FB1B0CF00ADC7D3 /* treebear.app */;
			productType = "com.apple.product-type.application";
		};
		CA3E63051FB1B0D000ADC7D3 /* treebearTests */ = {
			isa = PBXNativeTarget;
			buildConfigurationList = CA3E631D1FB1B0D000ADC7D3 /* Build configuration list for PBXNativeTarget "treebearTests" */;
			buildPhases = (
				381BED91251DC73156F28CAB /* [CP] Check Pods Manifest.lock */,
				CA3E63021FB1B0D000ADC7D3 /* Sources */,
				CA3E63031FB1B0D000ADC7D3 /* Frameworks */,
				CA3E63041FB1B0D000ADC7D3 /* Resources */,
				C997ED1B0637B4DF4BBAB4DB /* [CP] Embed Pods Frameworks */,
				9CB03F1B78ACBE64570FB2CA /* [CP] Copy Pods Resources */,
			);
			buildRules = (
			);
			dependencies = (
				CA3E63081FB1B0D000ADC7D3 /* PBXTargetDependency */,
			);
			name = treebearTests;
			productName = treebearTests;
			productReference = CA3E63061FB1B0D000ADC7D3 /* treebearTests.xctest */;
			productType = "com.apple.product-type.bundle.unit-test";
		};
		CA3E63101FB1B0D000ADC7D3 /* treebearUITests */ = {
			isa = PBXNativeTarget;
			buildConfigurationList = CA3E63201FB1B0D000ADC7D3 /* Build configuration list for PBXNativeTarget "treebearUITests" */;
			buildPhases = (
				A26DF6D1FCCA4A1B1815289E /* [CP] Check Pods Manifest.lock */,
				CA3E630D1FB1B0D000ADC7D3 /* Sources */,
				CA3E630E1FB1B0D000ADC7D3 /* Frameworks */,
				CA3E630F1FB1B0D000ADC7D3 /* Resources */,
				EF39AE9788FA7C39B6863E53 /* [CP] Embed Pods Frameworks */,
				B8C2788B97C6AD1F969BBD1D /* [CP] Copy Pods Resources */,
			);
			buildRules = (
			);
			dependencies = (
				CA3E63131FB1B0D000ADC7D3 /* PBXTargetDependency */,
			);
			name = treebearUITests;
			productName = treebearUITests;
			productReference = CA3E63111FB1B0D000ADC7D3 /* treebearUITests.xctest */;
			productType = "com.apple.product-type.bundle.ui-testing";
		};
/* End PBXNativeTarget section */

/* Begin PBXProject section */
		CA3E62EA1FB1B0CF00ADC7D3 /* Project object */ = {
			isa = PBXProject;
			attributes = {
				LastSwiftUpdateCheck = 0900;
				LastUpgradeCheck = 0900;
				ORGANIZATIONNAME = "Brandon Ng";
				TargetAttributes = {
					CA3E62F11FB1B0CF00ADC7D3 = {
						CreatedOnToolsVersion = 9.0.1;
						LastSwiftMigration = 0920;
						ProvisioningStyle = Automatic;
					};
					CA3E63051FB1B0D000ADC7D3 = {
						CreatedOnToolsVersion = 9.0.1;
						LastSwiftMigration = 0920;
						ProvisioningStyle = Automatic;
						TestTargetID = CA3E62F11FB1B0CF00ADC7D3;
					};
					CA3E63101FB1B0D000ADC7D3 = {
						CreatedOnToolsVersion = 9.0.1;
						LastSwiftMigration = 0920;
						ProvisioningStyle = Automatic;
						TestTargetID = CA3E62F11FB1B0CF00ADC7D3;
					};
				};
			};
			buildConfigurationList = CA3E62ED1FB1B0CF00ADC7D3 /* Build configuration list for PBXProject "treebear" */;
			compatibilityVersion = "Xcode 8.0";
			developmentRegion = en;
			hasScannedForEncodings = 0;
			knownRegions = (
				en,
				Base,
			);
			mainGroup = CA3E62E91FB1B0CF00ADC7D3;
			productRefGroup = CA3E62F31FB1B0CF00ADC7D3 /* Products */;
			projectDirPath = "";
			projectRoot = "";
			targets = (
				CA3E62F11FB1B0CF00ADC7D3 /* treebear */,
				CA3E63051FB1B0D000ADC7D3 /* treebearTests */,
				CA3E63101FB1B0D000ADC7D3 /* treebearUITests */,
			);
		};
/* End PBXProject section */

/* Begin PBXResourcesBuildPhase section */
		CA3E62F01FB1B0CF00ADC7D3 /* Resources */ = {
			isa = PBXResourcesBuildPhase;
			buildActionMask = 2147483647;
			files = (
				CA3E63001FB1B0D000ADC7D3 /* LaunchScreen.storyboard in Resources */,
				B4B7B52620184EDE0034BCF3 /* GoogleService-Info.plist in Resources */,
				CA3E62FD1FB1B0D000ADC7D3 /* Assets.xcassets in Resources */,
				CA3E62FB1FB1B0D000ADC7D3 /* Main.storyboard in Resources */,
			);
			runOnlyForDeploymentPostprocessing = 0;
		};
		CA3E63041FB1B0D000ADC7D3 /* Resources */ = {
			isa = PBXResourcesBuildPhase;
			buildActionMask = 2147483647;
			files = (
				B4B7B52720184EDE0034BCF3 /* GoogleService-Info.plist in Resources */,
			);
			runOnlyForDeploymentPostprocessing = 0;
		};
		CA3E630F1FB1B0D000ADC7D3 /* Resources */ = {
			isa = PBXResourcesBuildPhase;
			buildActionMask = 2147483647;
			files = (
				B4B7B52820184EDE0034BCF3 /* GoogleService-Info.plist in Resources */,
			);
			runOnlyForDeploymentPostprocessing = 0;
		};
/* End PBXResourcesBuildPhase section */

/* Begin PBXShellScriptBuildPhase section */
		119F50B81849E14C38DBEA41 /* [CP] Embed Pods Frameworks */ = {
			isa = PBXShellScriptBuildPhase;
			buildActionMask = 2147483647;
			files = (
			);
			inputPaths = (
				"${SRCROOT}/Pods/Target Support Files/Pods-treebear/Pods-treebear-frameworks.sh",
				"${BUILT_PRODUCTS_DIR}/ARCL/ARCL.framework",
				"${BUILT_PRODUCTS_DIR}/GTMOAuth2/GTMOAuth2.framework",
				"${BUILT_PRODUCTS_DIR}/GTMSessionFetcher/GTMSessionFetcher.framework",
				"${BUILT_PRODUCTS_DIR}/GoogleToolboxForMac/GoogleToolboxForMac.framework",
				"${BUILT_PRODUCTS_DIR}/Hero/Hero.framework",
			);
			name = "[CP] Embed Pods Frameworks";
			outputPaths = (
				"${TARGET_BUILD_DIR}/${FRAMEWORKS_FOLDER_PATH}/ARCL.framework",
				"${TARGET_BUILD_DIR}/${FRAMEWORKS_FOLDER_PATH}/GTMOAuth2.framework",
				"${TARGET_BUILD_DIR}/${FRAMEWORKS_FOLDER_PATH}/GTMSessionFetcher.framework",
				"${TARGET_BUILD_DIR}/${FRAMEWORKS_FOLDER_PATH}/GoogleToolboxForMac.framework",
				"${TARGET_BUILD_DIR}/${FRAMEWORKS_FOLDER_PATH}/Hero.framework",
			);
			runOnlyForDeploymentPostprocessing = 0;
			shellPath = /bin/sh;
			shellScript = "\"${SRCROOT}/Pods/Target Support Files/Pods-treebear/Pods-treebear-frameworks.sh\"\n";
			showEnvVarsInLog = 0;
		};
		2316F6F00E6CD6E0EA76B8C3 /* [CP] Check Pods Manifest.lock */ = {
			isa = PBXShellScriptBuildPhase;
			buildActionMask = 2147483647;
			files = (
			);
			inputPaths = (
				"${PODS_PODFILE_DIR_PATH}/Podfile.lock",
				"${PODS_ROOT}/Manifest.lock",
			);
			name = "[CP] Check Pods Manifest.lock";
			outputPaths = (
				"$(DERIVED_FILE_DIR)/Pods-treebear-checkManifestLockResult.txt",
			);
			runOnlyForDeploymentPostprocessing = 0;
			shellPath = /bin/sh;
			shellScript = "diff \"${PODS_PODFILE_DIR_PATH}/Podfile.lock\" \"${PODS_ROOT}/Manifest.lock\" > /dev/null\nif [ $? != 0 ] ; then\n    # print error to STDERR\n    echo \"error: The sandbox is not in sync with the Podfile.lock. Run 'pod install' or update your CocoaPods installation.\" >&2\n    exit 1\nfi\n# This output is used by Xcode 'outputs' to avoid re-running this script phase.\necho \"SUCCESS\" > \"${SCRIPT_OUTPUT_FILE_0}\"\n";
			showEnvVarsInLog = 0;
		};
		381BED91251DC73156F28CAB /* [CP] Check Pods Manifest.lock */ = {
			isa = PBXShellScriptBuildPhase;
			buildActionMask = 2147483647;
			files = (
			);
			inputPaths = (
				"${PODS_PODFILE_DIR_PATH}/Podfile.lock",
				"${PODS_ROOT}/Manifest.lock",
			);
			name = "[CP] Check Pods Manifest.lock";
			outputPaths = (
				"$(DERIVED_FILE_DIR)/Pods-treebearTests-checkManifestLockResult.txt",
			);
			runOnlyForDeploymentPostprocessing = 0;
			shellPath = /bin/sh;
			shellScript = "diff \"${PODS_PODFILE_DIR_PATH}/Podfile.lock\" \"${PODS_ROOT}/Manifest.lock\" > /dev/null\nif [ $? != 0 ] ; then\n    # print error to STDERR\n    echo \"error: The sandbox is not in sync with the Podfile.lock. Run 'pod install' or update your CocoaPods installation.\" >&2\n    exit 1\nfi\n# This output is used by Xcode 'outputs' to avoid re-running this script phase.\necho \"SUCCESS\" > \"${SCRIPT_OUTPUT_FILE_0}\"\n";
			showEnvVarsInLog = 0;
		};
		70813927FD3D37277B9D84F1 /* [CP] Copy Pods Resources */ = {
			isa = PBXShellScriptBuildPhase;
			buildActionMask = 2147483647;
			files = (
			);
			inputPaths = (
				"${SRCROOT}/Pods/Target Support Files/Pods-treebear/Pods-treebear-resources.sh",
				"${PODS_ROOT}/GoogleSignIn/Resources/GoogleSignIn.bundle",
			);
			name = "[CP] Copy Pods Resources";
			outputPaths = (
				"${TARGET_BUILD_DIR}/${UNLOCALIZED_RESOURCES_FOLDER_PATH}",
			);
			runOnlyForDeploymentPostprocessing = 0;
			shellPath = /bin/sh;
			shellScript = "\"${SRCROOT}/Pods/Target Support Files/Pods-treebear/Pods-treebear-resources.sh\"\n";
			showEnvVarsInLog = 0;
		};
		9CB03F1B78ACBE64570FB2CA /* [CP] Copy Pods Resources */ = {
			isa = PBXShellScriptBuildPhase;
			buildActionMask = 2147483647;
			files = (
			);
			inputPaths = (
				"${SRCROOT}/Pods/Target Support Files/Pods-treebearTests/Pods-treebearTests-resources.sh",
				"${PODS_ROOT}/GoogleSignIn/Resources/GoogleSignIn.bundle",
			);
			name = "[CP] Copy Pods Resources";
			outputPaths = (
				"${TARGET_BUILD_DIR}/${UNLOCALIZED_RESOURCES_FOLDER_PATH}",
			);
			runOnlyForDeploymentPostprocessing = 0;
			shellPath = /bin/sh;
			shellScript = "\"${SRCROOT}/Pods/Target Support Files/Pods-treebearTests/Pods-treebearTests-resources.sh\"\n";
			showEnvVarsInLog = 0;
		};
		A26DF6D1FCCA4A1B1815289E /* [CP] Check Pods Manifest.lock */ = {
			isa = PBXShellScriptBuildPhase;
			buildActionMask = 2147483647;
			files = (
			);
			inputPaths = (
				"${PODS_PODFILE_DIR_PATH}/Podfile.lock",
				"${PODS_ROOT}/Manifest.lock",
			);
			name = "[CP] Check Pods Manifest.lock";
			outputPaths = (
				"$(DERIVED_FILE_DIR)/Pods-treebearUITests-checkManifestLockResult.txt",
			);
			runOnlyForDeploymentPostprocessing = 0;
			shellPath = /bin/sh;
			shellScript = "diff \"${PODS_PODFILE_DIR_PATH}/Podfile.lock\" \"${PODS_ROOT}/Manifest.lock\" > /dev/null\nif [ $? != 0 ] ; then\n    # print error to STDERR\n    echo \"error: The sandbox is not in sync with the Podfile.lock. Run 'pod install' or update your CocoaPods installation.\" >&2\n    exit 1\nfi\n# This output is used by Xcode 'outputs' to avoid re-running this script phase.\necho \"SUCCESS\" > \"${SCRIPT_OUTPUT_FILE_0}\"\n";
			showEnvVarsInLog = 0;
		};
		B8C2788B97C6AD1F969BBD1D /* [CP] Copy Pods Resources */ = {
			isa = PBXShellScriptBuildPhase;
			buildActionMask = 2147483647;
			files = (
			);
			inputPaths = (
				"${SRCROOT}/Pods/Target Support Files/Pods-treebearUITests/Pods-treebearUITests-resources.sh",
				"${PODS_ROOT}/GoogleSignIn/Resources/GoogleSignIn.bundle",
			);
			name = "[CP] Copy Pods Resources";
			outputPaths = (
				"${TARGET_BUILD_DIR}/${UNLOCALIZED_RESOURCES_FOLDER_PATH}",
			);
			runOnlyForDeploymentPostprocessing = 0;
			shellPath = /bin/sh;
			shellScript = "\"${SRCROOT}/Pods/Target Support Files/Pods-treebearUITests/Pods-treebearUITests-resources.sh\"\n";
			showEnvVarsInLog = 0;
		};
		C997ED1B0637B4DF4BBAB4DB /* [CP] Embed Pods Frameworks */ = {
			isa = PBXShellScriptBuildPhase;
			buildActionMask = 2147483647;
			files = (
			);
			inputPaths = (
				"${SRCROOT}/Pods/Target Support Files/Pods-treebearTests/Pods-treebearTests-frameworks.sh",
				"${BUILT_PRODUCTS_DIR}/ARCL/ARCL.framework",
				"${BUILT_PRODUCTS_DIR}/GTMOAuth2/GTMOAuth2.framework",
				"${BUILT_PRODUCTS_DIR}/GTMSessionFetcher/GTMSessionFetcher.framework",
				"${BUILT_PRODUCTS_DIR}/GoogleToolboxForMac/GoogleToolboxForMac.framework",
				"${BUILT_PRODUCTS_DIR}/Hero/Hero.framework",
			);
			name = "[CP] Embed Pods Frameworks";
			outputPaths = (
				"${TARGET_BUILD_DIR}/${FRAMEWORKS_FOLDER_PATH}/ARCL.framework",
				"${TARGET_BUILD_DIR}/${FRAMEWORKS_FOLDER_PATH}/GTMOAuth2.framework",
				"${TARGET_BUILD_DIR}/${FRAMEWORKS_FOLDER_PATH}/GTMSessionFetcher.framework",
				"${TARGET_BUILD_DIR}/${FRAMEWORKS_FOLDER_PATH}/GoogleToolboxForMac.framework",
				"${TARGET_BUILD_DIR}/${FRAMEWORKS_FOLDER_PATH}/Hero.framework",
			);
			runOnlyForDeploymentPostprocessing = 0;
			shellPath = /bin/sh;
			shellScript = "\"${SRCROOT}/Pods/Target Support Files/Pods-treebearTests/Pods-treebearTests-frameworks.sh\"\n";
			showEnvVarsInLog = 0;
		};
		EF39AE9788FA7C39B6863E53 /* [CP] Embed Pods Frameworks */ = {
			isa = PBXShellScriptBuildPhase;
			buildActionMask = 2147483647;
			files = (
			);
			inputPaths = (
				"${SRCROOT}/Pods/Target Support Files/Pods-treebearUITests/Pods-treebearUITests-frameworks.sh",
				"${BUILT_PRODUCTS_DIR}/ARCL/ARCL.framework",
				"${BUILT_PRODUCTS_DIR}/GTMOAuth2/GTMOAuth2.framework",
				"${BUILT_PRODUCTS_DIR}/GTMSessionFetcher/GTMSessionFetcher.framework",
				"${BUILT_PRODUCTS_DIR}/GoogleToolboxForMac/GoogleToolboxForMac.framework",
				"${BUILT_PRODUCTS_DIR}/Hero/Hero.framework",
			);
			name = "[CP] Embed Pods Frameworks";
			outputPaths = (
				"${TARGET_BUILD_DIR}/${FRAMEWORKS_FOLDER_PATH}/ARCL.framework",
				"${TARGET_BUILD_DIR}/${FRAMEWORKS_FOLDER_PATH}/GTMOAuth2.framework",
				"${TARGET_BUILD_DIR}/${FRAMEWORKS_FOLDER_PATH}/GTMSessionFetcher.framework",
				"${TARGET_BUILD_DIR}/${FRAMEWORKS_FOLDER_PATH}/GoogleToolboxForMac.framework",
				"${TARGET_BUILD_DIR}/${FRAMEWORKS_FOLDER_PATH}/Hero.framework",
			);
			runOnlyForDeploymentPostprocessing = 0;
			shellPath = /bin/sh;
			shellScript = "\"${SRCROOT}/Pods/Target Support Files/Pods-treebearUITests/Pods-treebearUITests-frameworks.sh\"\n";
			showEnvVarsInLog = 0;
		};
/* End PBXShellScriptBuildPhase section */

/* Begin PBXSourcesBuildPhase section */
		CA3E62EE1FB1B0CF00ADC7D3 /* Sources */ = {
			isa = PBXSourcesBuildPhase;
			buildActionMask = 2147483647;
			files = (
				B4B7B5242011F1E40034BCF3 /* POIViewController.swift in Sources */,
				CA1920241FCD4A7C00A7B057 /* ARViewController.swift in Sources */,
				B4B7B531201854080034BCF3 /* SignInViewController.swift in Sources */,
				CA3E62F81FB1B0D000ADC7D3 /* ViewController.swift in Sources */,
				B404495820199F52006D3303 /* MenuViewController.swift in Sources */,
				B404495220188987006D3303 /* SearchDropdown.swift in Sources */,
				B4044956201999CE006D3303 /* MenuTableViewController.swift in Sources */,
				B4044954201997B8006D3303 /* entryViewController.swift in Sources */,
				CA3E62F61FB1B0D000ADC7D3 /* AppDelegate.swift in Sources */,
			);
			runOnlyForDeploymentPostprocessing = 0;
		};
		CA3E63021FB1B0D000ADC7D3 /* Sources */ = {
			isa = PBXSourcesBuildPhase;
			buildActionMask = 2147483647;
			files = (
				B4B7B532201854080034BCF3 /* SignInViewController.swift in Sources */,
				CA3E630B1FB1B0D000ADC7D3 /* treebearTests.swift in Sources */,
			);
			runOnlyForDeploymentPostprocessing = 0;
		};
		CA3E630D1FB1B0D000ADC7D3 /* Sources */ = {
			isa = PBXSourcesBuildPhase;
			buildActionMask = 2147483647;
			files = (
				B4B7B533201854080034BCF3 /* SignInViewController.swift in Sources */,
				CA3E63161FB1B0D000ADC7D3 /* treebearUITests.swift in Sources */,
			);
			runOnlyForDeploymentPostprocessing = 0;
		};
/* End PBXSourcesBuildPhase section */

/* Begin PBXTargetDependency section */
		CA3E63081FB1B0D000ADC7D3 /* PBXTargetDependency */ = {
			isa = PBXTargetDependency;
			target = CA3E62F11FB1B0CF00ADC7D3 /* treebear */;
			targetProxy = CA3E63071FB1B0D000ADC7D3 /* PBXContainerItemProxy */;
		};
		CA3E63131FB1B0D000ADC7D3 /* PBXTargetDependency */ = {
			isa = PBXTargetDependency;
			target = CA3E62F11FB1B0CF00ADC7D3 /* treebear */;
			targetProxy = CA3E63121FB1B0D000ADC7D3 /* PBXContainerItemProxy */;
		};
/* End PBXTargetDependency section */

/* Begin PBXVariantGroup section */
		CA3E62F91FB1B0D000ADC7D3 /* Main.storyboard */ = {
			isa = PBXVariantGroup;
			children = (
				CA3E62FA1FB1B0D000ADC7D3 /* Base */,
			);
			name = Main.storyboard;
			sourceTree = "<group>";
		};
		CA3E62FE1FB1B0D000ADC7D3 /* LaunchScreen.storyboard */ = {
			isa = PBXVariantGroup;
			children = (
				CA3E62FF1FB1B0D000ADC7D3 /* Base */,
			);
			name = LaunchScreen.storyboard;
			sourceTree = "<group>";
		};
/* End PBXVariantGroup section */

/* Begin XCBuildConfiguration section */
		CA3E63181FB1B0D000ADC7D3 /* Debug */ = {
			isa = XCBuildConfiguration;
			buildSettings = {
				ALWAYS_SEARCH_USER_PATHS = NO;
				CLANG_ANALYZER_NONNULL = YES;
				CLANG_ANALYZER_NUMBER_OBJECT_CONVERSION = YES_AGGRESSIVE;
				CLANG_CXX_LANGUAGE_STANDARD = "gnu++14";
				CLANG_CXX_LIBRARY = "libc++";
				CLANG_ENABLE_MODULES = YES;
				CLANG_ENABLE_OBJC_ARC = YES;
				CLANG_WARN_BLOCK_CAPTURE_AUTORELEASING = YES;
				CLANG_WARN_BOOL_CONVERSION = YES;
				CLANG_WARN_COMMA = YES;
				CLANG_WARN_CONSTANT_CONVERSION = YES;
				CLANG_WARN_DIRECT_OBJC_ISA_USAGE = YES_ERROR;
				CLANG_WARN_DOCUMENTATION_COMMENTS = YES;
				CLANG_WARN_EMPTY_BODY = YES;
				CLANG_WARN_ENUM_CONVERSION = YES;
				CLANG_WARN_INFINITE_RECURSION = YES;
				CLANG_WARN_INT_CONVERSION = YES;
				CLANG_WARN_NON_LITERAL_NULL_CONVERSION = YES;
				CLANG_WARN_OBJC_LITERAL_CONVERSION = YES;
				CLANG_WARN_OBJC_ROOT_CLASS = YES_ERROR;
				CLANG_WARN_RANGE_LOOP_ANALYSIS = YES;
				CLANG_WARN_STRICT_PROTOTYPES = YES;
				CLANG_WARN_SUSPICIOUS_MOVE = YES;
				CLANG_WARN_UNGUARDED_AVAILABILITY = YES_AGGRESSIVE;
				CLANG_WARN_UNREACHABLE_CODE = YES;
				CLANG_WARN__DUPLICATE_METHOD_MATCH = YES;
				CODE_SIGN_IDENTITY = "iPhone Developer";
				COPY_PHASE_STRIP = NO;
				DEBUG_INFORMATION_FORMAT = dwarf;
				ENABLE_STRICT_OBJC_MSGSEND = YES;
				ENABLE_TESTABILITY = YES;
				GCC_C_LANGUAGE_STANDARD = gnu11;
				GCC_DYNAMIC_NO_PIC = NO;
				GCC_NO_COMMON_BLOCKS = YES;
				GCC_OPTIMIZATION_LEVEL = 0;
				GCC_PREPROCESSOR_DEFINITIONS = (
					"DEBUG=1",
					"$(inherited)",
				);
				GCC_WARN_64_TO_32_BIT_CONVERSION = YES;
				GCC_WARN_ABOUT_RETURN_TYPE = YES_ERROR;
				GCC_WARN_UNDECLARED_SELECTOR = YES;
				GCC_WARN_UNINITIALIZED_AUTOS = YES_AGGRESSIVE;
				GCC_WARN_UNUSED_FUNCTION = YES;
				GCC_WARN_UNUSED_VARIABLE = YES;
				IPHONEOS_DEPLOYMENT_TARGET = 11.0;
				MTL_ENABLE_DEBUG_INFO = YES;
				ONLY_ACTIVE_ARCH = YES;
				SDKROOT = iphoneos;
				SWIFT_ACTIVE_COMPILATION_CONDITIONS = DEBUG;
				SWIFT_OPTIMIZATION_LEVEL = "-Onone";
			};
			name = Debug;
		};
		CA3E63191FB1B0D000ADC7D3 /* Release */ = {
			isa = XCBuildConfiguration;
			buildSettings = {
				ALWAYS_SEARCH_USER_PATHS = NO;
				CLANG_ANALYZER_NONNULL = YES;
				CLANG_ANALYZER_NUMBER_OBJECT_CONVERSION = YES_AGGRESSIVE;
				CLANG_CXX_LANGUAGE_STANDARD = "gnu++14";
				CLANG_CXX_LIBRARY = "libc++";
				CLANG_ENABLE_MODULES = YES;
				CLANG_ENABLE_OBJC_ARC = YES;
				CLANG_WARN_BLOCK_CAPTURE_AUTORELEASING = YES;
				CLANG_WARN_BOOL_CONVERSION = YES;
				CLANG_WARN_COMMA = YES;
				CLANG_WARN_CONSTANT_CONVERSION = YES;
				CLANG_WARN_DIRECT_OBJC_ISA_USAGE = YES_ERROR;
				CLANG_WARN_DOCUMENTATION_COMMENTS = YES;
				CLANG_WARN_EMPTY_BODY = YES;
				CLANG_WARN_ENUM_CONVERSION = YES;
				CLANG_WARN_INFINITE_RECURSION = YES;
				CLANG_WARN_INT_CONVERSION = YES;
				CLANG_WARN_NON_LITERAL_NULL_CONVERSION = YES;
				CLANG_WARN_OBJC_LITERAL_CONVERSION = YES;
				CLANG_WARN_OBJC_ROOT_CLASS = YES_ERROR;
				CLANG_WARN_RANGE_LOOP_ANALYSIS = YES;
				CLANG_WARN_STRICT_PROTOTYPES = YES;
				CLANG_WARN_SUSPICIOUS_MOVE = YES;
				CLANG_WARN_UNGUARDED_AVAILABILITY = YES_AGGRESSIVE;
				CLANG_WARN_UNREACHABLE_CODE = YES;
				CLANG_WARN__DUPLICATE_METHOD_MATCH = YES;
				CODE_SIGN_IDENTITY = "iPhone Developer";
				COPY_PHASE_STRIP = NO;
				DEBUG_INFORMATION_FORMAT = "dwarf-with-dsym";
				ENABLE_NS_ASSERTIONS = NO;
				ENABLE_STRICT_OBJC_MSGSEND = YES;
				GCC_C_LANGUAGE_STANDARD = gnu11;
				GCC_NO_COMMON_BLOCKS = YES;
				GCC_WARN_64_TO_32_BIT_CONVERSION = YES;
				GCC_WARN_ABOUT_RETURN_TYPE = YES_ERROR;
				GCC_WARN_UNDECLARED_SELECTOR = YES;
				GCC_WARN_UNINITIALIZED_AUTOS = YES_AGGRESSIVE;
				GCC_WARN_UNUSED_FUNCTION = YES;
				GCC_WARN_UNUSED_VARIABLE = YES;
				IPHONEOS_DEPLOYMENT_TARGET = 11.0;
				MTL_ENABLE_DEBUG_INFO = NO;
				SDKROOT = iphoneos;
				SWIFT_OPTIMIZATION_LEVEL = "-Owholemodule";
				VALIDATE_PRODUCT = YES;
			};
			name = Release;
		};
		CA3E631B1FB1B0D000ADC7D3 /* Debug */ = {
			isa = XCBuildConfiguration;
			baseConfigurationReference = 507E75EE2FEC78FF25AAAC11 /* Pods-treebear.debug.xcconfig */;
			buildSettings = {
				ASSETCATALOG_COMPILER_APPICON_NAME = AppIcon;
				CLANG_ENABLE_MODULES = YES;
				"CODE_SIGN_IDENTITY[sdk=iphoneos*]" = "iPhone Developer";
				CODE_SIGN_STYLE = Automatic;
				DEVELOPMENT_TEAM = J958EGM4GD;
				INFOPLIST_FILE = treebear/Info.plist;
				LD_RUNPATH_SEARCH_PATHS = "$(inherited) @executable_path/Frameworks";
				PODS_ROOT = "${SRCROOT}/Pods";
				PRODUCT_BUNDLE_IDENTIFIER = com.ricky.treebear;
				PRODUCT_NAME = "$(TARGET_NAME)";
				PROVISIONING_PROFILE_SPECIFIER = "";
				SWIFT_INSTALL_OBJC_HEADER = NO;
				SWIFT_OBJC_BRIDGING_HEADER = "";
				SWIFT_OPTIMIZATION_LEVEL = "-Onone";
				SWIFT_PRECOMPILE_BRIDGING_HEADER = NO;
				SWIFT_VERSION = 4.0;
				TARGETED_DEVICE_FAMILY = 2;
			};
			name = Debug;
		};
		CA3E631C1FB1B0D000ADC7D3 /* Release */ = {
			isa = XCBuildConfiguration;
			baseConfigurationReference = 954E912D730D26566E9E865A /* Pods-treebear.release.xcconfig */;
			buildSettings = {
				ASSETCATALOG_COMPILER_APPICON_NAME = AppIcon;
				CLANG_ENABLE_MODULES = YES;
				"CODE_SIGN_IDENTITY[sdk=iphoneos*]" = "iPhone Developer";
				CODE_SIGN_STYLE = Automatic;
				DEVELOPMENT_TEAM = J958EGM4GD;
				INFOPLIST_FILE = treebear/Info.plist;
				LD_RUNPATH_SEARCH_PATHS = "$(inherited) @executable_path/Frameworks";
				PODS_ROOT = "${SRCROOT}/Pods";
				PRODUCT_BUNDLE_IDENTIFIER = com.ricky.treebear;
				PRODUCT_NAME = "$(TARGET_NAME)";
				PROVISIONING_PROFILE_SPECIFIER = "";
				SWIFT_INSTALL_OBJC_HEADER = NO;
				SWIFT_OBJC_BRIDGING_HEADER = "";
				SWIFT_PRECOMPILE_BRIDGING_HEADER = NO;
				SWIFT_VERSION = 4.0;
				TARGETED_DEVICE_FAMILY = 2;
			};
			name = Release;
		};
		CA3E631E1FB1B0D000ADC7D3 /* Debug */ = {
			isa = XCBuildConfiguration;
			baseConfigurationReference = 3C186F0D1B8A82F8EC727EB3 /* Pods-treebearTests.debug.xcconfig */;
			buildSettings = {
				ALWAYS_EMBED_SWIFT_STANDARD_LIBRARIES = YES;
				BUNDLE_LOADER = "$(TEST_HOST)";
				CLANG_ENABLE_MODULES = YES;
				CODE_SIGN_STYLE = Automatic;
				DEVELOPMENT_TEAM = HHT89WP22V;
				INFOPLIST_FILE = treebearTests/Info.plist;
				LD_RUNPATH_SEARCH_PATHS = "$(inherited) @executable_path/Frameworks @loader_path/Frameworks";
				PRODUCT_BUNDLE_IDENTIFIER = com.bran.treebearTests;
				PRODUCT_NAME = "$(TARGET_NAME)";
				SWIFT_OBJC_BRIDGING_HEADER = "treebearTests-Bridging-Header.h";
				SWIFT_OPTIMIZATION_LEVEL = "-Onone";
				SWIFT_VERSION = 4.0;
				TARGETED_DEVICE_FAMILY = "1,2";
				TEST_HOST = "$(BUILT_PRODUCTS_DIR)/treebear.app/treebear";
			};
			name = Debug;
		};
		CA3E631F1FB1B0D000ADC7D3 /* Release */ = {
			isa = XCBuildConfiguration;
			baseConfigurationReference = 2E7CAB62E4D94CE1A025986A /* Pods-treebearTests.release.xcconfig */;
			buildSettings = {
				ALWAYS_EMBED_SWIFT_STANDARD_LIBRARIES = YES;
				BUNDLE_LOADER = "$(TEST_HOST)";
				CLANG_ENABLE_MODULES = YES;
				CODE_SIGN_STYLE = Automatic;
				DEVELOPMENT_TEAM = HHT89WP22V;
				INFOPLIST_FILE = treebearTests/Info.plist;
				LD_RUNPATH_SEARCH_PATHS = "$(inherited) @executable_path/Frameworks @loader_path/Frameworks";
				PRODUCT_BUNDLE_IDENTIFIER = com.bran.treebearTests;
				PRODUCT_NAME = "$(TARGET_NAME)";
				SWIFT_OBJC_BRIDGING_HEADER = "treebearTests-Bridging-Header.h";
				SWIFT_VERSION = 4.0;
				TARGETED_DEVICE_FAMILY = "1,2";
				TEST_HOST = "$(BUILT_PRODUCTS_DIR)/treebear.app/treebear";
			};
			name = Release;
		};
		CA3E63211FB1B0D000ADC7D3 /* Debug */ = {
			isa = XCBuildConfiguration;
			baseConfigurationReference = 5622EC879517E1A15E9FE94D /* Pods-treebearUITests.debug.xcconfig */;
			buildSettings = {
				ALWAYS_EMBED_SWIFT_STANDARD_LIBRARIES = YES;
				CLANG_ENABLE_MODULES = YES;
				CODE_SIGN_STYLE = Automatic;
				DEVELOPMENT_TEAM = HHT89WP22V;
				INFOPLIST_FILE = treebearUITests/Info.plist;
				LD_RUNPATH_SEARCH_PATHS = "$(inherited) @executable_path/Frameworks @loader_path/Frameworks";
				PRODUCT_BUNDLE_IDENTIFIER = com.bran.treebearUITests;
				PRODUCT_NAME = "$(TARGET_NAME)";
				SWIFT_OBJC_BRIDGING_HEADER = "treebearUITests-Bridging-Header.h";
				SWIFT_OPTIMIZATION_LEVEL = "-Onone";
				SWIFT_VERSION = 4.0;
				TARGETED_DEVICE_FAMILY = "1,2";
				TEST_TARGET_NAME = treebear;
			};
			name = Debug;
		};
		CA3E63221FB1B0D000ADC7D3 /* Release */ = {
			isa = XCBuildConfiguration;
			baseConfigurationReference = 2680EA3009E50D9B27CC87CE /* Pods-treebearUITests.release.xcconfig */;
			buildSettings = {
				ALWAYS_EMBED_SWIFT_STANDARD_LIBRARIES = YES;
				CLANG_ENABLE_MODULES = YES;
				CODE_SIGN_STYLE = Automatic;
				DEVELOPMENT_TEAM = HHT89WP22V;
				INFOPLIST_FILE = treebearUITests/Info.plist;
				LD_RUNPATH_SEARCH_PATHS = "$(inherited) @executable_path/Frameworks @loader_path/Frameworks";
				PRODUCT_BUNDLE_IDENTIFIER = com.bran.treebearUITests;
				PRODUCT_NAME = "$(TARGET_NAME)";
				SWIFT_OBJC_BRIDGING_HEADER = "treebearUITests-Bridging-Header.h";
				SWIFT_VERSION = 4.0;
				TARGETED_DEVICE_FAMILY = "1,2";
				TEST_TARGET_NAME = treebear;
			};
			name = Release;
		};
/* End XCBuildConfiguration section */

/* Begin XCConfigurationList section */
		CA3E62ED1FB1B0CF00ADC7D3 /* Build configuration list for PBXProject "treebear" */ = {
			isa = XCConfigurationList;
			buildConfigurations = (
				CA3E63181FB1B0D000ADC7D3 /* Debug */,
				CA3E63191FB1B0D000ADC7D3 /* Release */,
			);
			defaultConfigurationIsVisible = 0;
			defaultConfigurationName = Release;
		};
		CA3E631A1FB1B0D000ADC7D3 /* Build configuration list for PBXNativeTarget "treebear" */ = {
			isa = XCConfigurationList;
			buildConfigurations = (
				CA3E631B1FB1B0D000ADC7D3 /* Debug */,
				CA3E631C1FB1B0D000ADC7D3 /* Release */,
			);
			defaultConfigurationIsVisible = 0;
			defaultConfigurationName = Release;
		};
		CA3E631D1FB1B0D000ADC7D3 /* Build configuration list for PBXNativeTarget "treebearTests" */ = {
			isa = XCConfigurationList;
			buildConfigurations = (
				CA3E631E1FB1B0D000ADC7D3 /* Debug */,
				CA3E631F1FB1B0D000ADC7D3 /* Release */,
			);
			defaultConfigurationIsVisible = 0;
			defaultConfigurationName = Release;
		};
		CA3E63201FB1B0D000ADC7D3 /* Build configuration list for PBXNativeTarget "treebearUITests" */ = {
			isa = XCConfigurationList;
			buildConfigurations = (
				CA3E63211FB1B0D000ADC7D3 /* Debug */,
				CA3E63221FB1B0D000ADC7D3 /* Release */,
			);
			defaultConfigurationIsVisible = 0;
			defaultConfigurationName = Release;
		};
/* End XCConfigurationList section */
	};
	rootObject = CA3E62EA1FB1B0CF00ADC7D3 /* Project object */;
}
